// !$*UTF8*$!
{
	archiveVersion = 1;
	classes = {
	};
	objectVersion = 56;
	objects = {

/* Begin PBXBuildFile section */
		41D0DD2B2CFA182E002793E8 /* CachingSwiftDataApp.swift in Sources */ = {isa = PBXBuildFile; fileRef = 41D0DD2A2CFA182E002793E8 /* CachingSwiftDataApp.swift */; };
		41D0DD2D2CFA182E002793E8 /* ContentView.swift in Sources */ = {isa = PBXBuildFile; fileRef = 41D0DD2C2CFA182E002793E8 /* ContentView.swift */; };
		41D0DD2F2CFA182F002793E8 /* Assets.xcassets in Resources */ = {isa = PBXBuildFile; fileRef = 41D0DD2E2CFA182F002793E8 /* Assets.xcassets */; };
		41D0DD322CFA182F002793E8 /* Preview Assets.xcassets in Resources */ = {isa = PBXBuildFile; fileRef = 41D0DD312CFA182F002793E8 /* Preview Assets.xcassets */; };
		41D0DD3B2CFA18C9002793E8 /* UserEntity.swift in Sources */ = {isa = PBXBuildFile; fileRef = 41D0DD3A2CFA18C9002793E8 /* UserEntity.swift */; };
		41D0DD3D2CFA1900002793E8 /* UserDTO.swift in Sources */ = {isa = PBXBuildFile; fileRef = 41D0DD3C2CFA1900002793E8 /* UserDTO.swift */; };
		41D0DD3F2CFA1997002793E8 /* AsyncContentView.swift in Sources */ = {isa = PBXBuildFile; fileRef = 41D0DD3E2CFA1997002793E8 /* AsyncContentView.swift */; };
		41D0DD412CFA19E4002793E8 /* DetailView.swift in Sources */ = {isa = PBXBuildFile; fileRef = 41D0DD402CFA19E4002793E8 /* DetailView.swift */; };
		41D0DD442CFA1B12002793E8 /* GithubViewModel.swift in Sources */ = {isa = PBXBuildFile; fileRef = 41D0DD432CFA1B12002793E8 /* GithubViewModel.swift */; };
		41D0DD462CFA1CBE002793E8 /* ModelContainerPreview.swift in Sources */ = {isa = PBXBuildFile; fileRef = 41D0DD452CFA1CBE002793E8 /* ModelContainerPreview.swift */; };
		41D0DD482CFA1D29002793E8 /* PreviewSampleData.swift in Sources */ = {isa = PBXBuildFile; fileRef = 41D0DD472CFA1D29002793E8 /* PreviewSampleData.swift */; };
		41D0DD4B2CFA1DF6002793E8 /* UserDataSource.swift in Sources */ = {isa = PBXBuildFile; fileRef = 41D0DD4A2CFA1DF6002793E8 /* UserDataSource.swift */; };
		41D0DD4E2CFA2419002793E8 /* URLFactory.swift in Sources */ = {isa = PBXBuildFile; fileRef = 41D0DD4D2CFA2419002793E8 /* URLFactory.swift */; };
		41D0DD502CFA2451002793E8 /* NetworkService.swift in Sources */ = {isa = PBXBuildFile; fileRef = 41D0DD4F2CFA2451002793E8 /* NetworkService.swift */; };
		41D0DD532CFA2487002793E8 /* RequestProtocol.swift in Sources */ = {isa = PBXBuildFile; fileRef = 41D0DD522CFA2487002793E8 /* RequestProtocol.swift */; };
		41D0DD552CFA24A6002793E8 /* GithubRequest.swift in Sources */ = {isa = PBXBuildFile; fileRef = 41D0DD542CFA24A6002793E8 /* GithubRequest.swift */; };
		41D0DD582CFA24D4002793E8 /* Scheme.swift in Sources */ = {isa = PBXBuildFile; fileRef = 41D0DD572CFA24D4002793E8 /* Scheme.swift */; };
		41D0DD5A2CFA24ED002793E8 /* HTTPMethod.swift in Sources */ = {isa = PBXBuildFile; fileRef = 41D0DD592CFA24ED002793E8 /* HTTPMethod.swift */; };
		41D0DD5C2CFA250F002793E8 /* Endpoint.swift in Sources */ = {isa = PBXBuildFile; fileRef = 41D0DD5B2CFA250F002793E8 /* Endpoint.swift */; };
		41D0DD5E2CFA2CA4002793E8 /* UserRow.swift in Sources */ = {isa = PBXBuildFile; fileRef = 41D0DD5D2CFA2CA4002793E8 /* UserRow.swift */; };
/* End PBXBuildFile section */

/* Begin PBXFileReference section */
		41D0DD272CFA182E002793E8 /* CachingSwiftData.app */ = {isa = PBXFileReference; explicitFileType = wrapper.application; includeInIndex = 0; path = CachingSwiftData.app; sourceTree = BUILT_PRODUCTS_DIR; };
		41D0DD2A2CFA182E002793E8 /* CachingSwiftDataApp.swift */ = {isa = PBXFileReference; lastKnownFileType = sourcecode.swift; path = CachingSwiftDataApp.swift; sourceTree = "<group>"; };
		41D0DD2C2CFA182E002793E8 /* ContentView.swift */ = {isa = PBXFileReference; lastKnownFileType = sourcecode.swift; path = ContentView.swift; sourceTree = "<group>"; };
		41D0DD2E2CFA182F002793E8 /* Assets.xcassets */ = {isa = PBXFileReference; lastKnownFileType = folder.assetcatalog; path = Assets.xcassets; sourceTree = "<group>"; };
		41D0DD312CFA182F002793E8 /* Preview Assets.xcassets */ = {isa = PBXFileReference; lastKnownFileType = folder.assetcatalog; path = "Preview Assets.xcassets"; sourceTree = "<group>"; };
		41D0DD3A2CFA18C9002793E8 /* UserEntity.swift */ = {isa = PBXFileReference; lastKnownFileType = sourcecode.swift; path = UserEntity.swift; sourceTree = "<group>"; };
		41D0DD3C2CFA1900002793E8 /* UserDTO.swift */ = {isa = PBXFileReference; lastKnownFileType = sourcecode.swift; path = UserDTO.swift; sourceTree = "<group>"; };
		41D0DD3E2CFA1997002793E8 /* AsyncContentView.swift */ = {isa = PBXFileReference; lastKnownFileType = sourcecode.swift; path = AsyncContentView.swift; sourceTree = "<group>"; };
		41D0DD402CFA19E4002793E8 /* DetailView.swift */ = {isa = PBXFileReference; lastKnownFileType = sourcecode.swift; path = DetailView.swift; sourceTree = "<group>"; };
		41D0DD432CFA1B12002793E8 /* GithubViewModel.swift */ = {isa = PBXFileReference; lastKnownFileType = sourcecode.swift; path = GithubViewModel.swift; sourceTree = "<group>"; };
		41D0DD452CFA1CBE002793E8 /* ModelContainerPreview.swift */ = {isa = PBXFileReference; lastKnownFileType = sourcecode.swift; path = ModelContainerPreview.swift; sourceTree = "<group>"; };
		41D0DD472CFA1D29002793E8 /* PreviewSampleData.swift */ = {isa = PBXFileReference; lastKnownFileType = sourcecode.swift; path = PreviewSampleData.swift; sourceTree = "<group>"; };
		41D0DD4A2CFA1DF6002793E8 /* UserDataSource.swift */ = {isa = PBXFileReference; lastKnownFileType = sourcecode.swift; path = UserDataSource.swift; sourceTree = "<group>"; };
		41D0DD4D2CFA2419002793E8 /* URLFactory.swift */ = {isa = PBXFileReference; lastKnownFileType = sourcecode.swift; path = URLFactory.swift; sourceTree = "<group>"; };
		41D0DD4F2CFA2451002793E8 /* NetworkService.swift */ = {isa = PBXFileReference; lastKnownFileType = sourcecode.swift; path = NetworkService.swift; sourceTree = "<group>"; };
		41D0DD522CFA2487002793E8 /* RequestProtocol.swift */ = {isa = PBXFileReference; lastKnownFileType = sourcecode.swift; path = RequestProtocol.swift; sourceTree = "<group>"; };
		41D0DD542CFA24A6002793E8 /* GithubRequest.swift */ = {isa = PBXFileReference; lastKnownFileType = sourcecode.swift; path = GithubRequest.swift; sourceTree = "<group>"; };
		41D0DD572CFA24D4002793E8 /* Scheme.swift */ = {isa = PBXFileReference; lastKnownFileType = sourcecode.swift; path = Scheme.swift; sourceTree = "<group>"; };
		41D0DD592CFA24ED002793E8 /* HTTPMethod.swift */ = {isa = PBXFileReference; lastKnownFileType = sourcecode.swift; path = HTTPMethod.swift; sourceTree = "<group>"; };
		41D0DD5B2CFA250F002793E8 /* Endpoint.swift */ = {isa = PBXFileReference; lastKnownFileType = sourcecode.swift; path = Endpoint.swift; sourceTree = "<group>"; };
		41D0DD5D2CFA2CA4002793E8 /* UserRow.swift */ = {isa = PBXFileReference; lastKnownFileType = sourcecode.swift; path = UserRow.swift; sourceTree = "<group>"; };
/* End PBXFileReference section */

/* Begin PBXFrameworksBuildPhase section */
		41D0DD242CFA182E002793E8 /* Frameworks */ = {
			isa = PBXFrameworksBuildPhase;
			buildActionMask = 2147483647;
			files = (
			);
			runOnlyForDeploymentPostprocessing = 0;
		};
/* End PBXFrameworksBuildPhase section */

/* Begin PBXGroup section */
		41D0DD1E2CFA182E002793E8 = {
			isa = PBXGroup;
			children = (
				41D0DD292CFA182E002793E8 /* CachingSwiftData */,
				41D0DD282CFA182E002793E8 /* Products */,
			);
			sourceTree = "<group>";
		};
		41D0DD282CFA182E002793E8 /* Products */ = {
			isa = PBXGroup;
			children = (
				41D0DD272CFA182E002793E8 /* CachingSwiftData.app */,
			);
			name = Products;
			sourceTree = "<group>";
		};
		41D0DD292CFA182E002793E8 /* CachingSwiftData */ = {
			isa = PBXGroup;
			children = (
				41D0DD4C2CFA2408002793E8 /* Network */,
				41D0DD392CFA18B5002793E8 /* Model */,
				41D0DD382CFA1843002793E8 /* View */,
				41D0DD4A2CFA1DF6002793E8 /* UserDataSource.swift */,
				41D0DD2A2CFA182E002793E8 /* CachingSwiftDataApp.swift */,
				41D0DD2E2CFA182F002793E8 /* Assets.xcassets */,
				41D0DD302CFA182F002793E8 /* Preview Content */,
			);
			path = CachingSwiftData;
			sourceTree = "<group>";
		};
		41D0DD302CFA182F002793E8 /* Preview Content */ = {
			isa = PBXGroup;
			children = (
				41D0DD312CFA182F002793E8 /* Preview Assets.xcassets */,
				41D0DD452CFA1CBE002793E8 /* ModelContainerPreview.swift */,
				41D0DD472CFA1D29002793E8 /* PreviewSampleData.swift */,
			);
			path = "Preview Content";
			sourceTree = "<group>";
		};
		41D0DD382CFA1843002793E8 /* View */ = {
			isa = PBXGroup;
			children = (
				41D0DD422CFA1AF4002793E8 /* View Model */,
				41D0DD2C2CFA182E002793E8 /* ContentView.swift */,
				41D0DD3E2CFA1997002793E8 /* AsyncContentView.swift */,
				41D0DD402CFA19E4002793E8 /* DetailView.swift */,
				41D0DD5D2CFA2CA4002793E8 /* UserRow.swift */,
			);
			path = View;
			sourceTree = "<group>";
		};
		41D0DD392CFA18B5002793E8 /* Model */ = {
			isa = PBXGroup;
			children = (
				41D0DD3A2CFA18C9002793E8 /* UserEntity.swift */,
				41D0DD3C2CFA1900002793E8 /* UserDTO.swift */,
			);
			path = Model;
			sourceTree = "<group>";
		};
		41D0DD422CFA1AF4002793E8 /* View Model */ = {
			isa = PBXGroup;
			children = (
				41D0DD432CFA1B12002793E8 /* GithubViewModel.swift */,
			);
			path = "View Model";
			sourceTree = "<group>";
		};
		41D0DD4C2CFA2408002793E8 /* Network */ = {
			isa = PBXGroup;
			children = (
				41D0DD512CFA2460002793E8 /* Request */,
				41D0DD4D2CFA2419002793E8 /* URLFactory.swift */,
				41D0DD4F2CFA2451002793E8 /* NetworkService.swift */,
			);
			path = Network;
			sourceTree = "<group>";
		};
		41D0DD512CFA2460002793E8 /* Request */ = {
			isa = PBXGroup;
			children = (
				41D0DD562CFA24BF002793E8 /* Endpoint */,
				41D0DD522CFA2487002793E8 /* RequestProtocol.swift */,
				41D0DD542CFA24A6002793E8 /* GithubRequest.swift */,
			);
			path = Request;
			sourceTree = "<group>";
		};
		41D0DD562CFA24BF002793E8 /* Endpoint */ = {
			isa = PBXGroup;
			children = (
				41D0DD572CFA24D4002793E8 /* Scheme.swift */,
				41D0DD592CFA24ED002793E8 /* HTTPMethod.swift */,
				41D0DD5B2CFA250F002793E8 /* Endpoint.swift */,
			);
			path = Endpoint;
			sourceTree = "<group>";
		};
/* End PBXGroup section */

/* Begin PBXNativeTarget section */
		41D0DD262CFA182E002793E8 /* CachingSwiftData */ = {
			isa = PBXNativeTarget;
			buildConfigurationList = 41D0DD352CFA182F002793E8 /* Build configuration list for PBXNativeTarget "CachingSwiftData" */;
			buildPhases = (
				41D0DD232CFA182E002793E8 /* Sources */,
				41D0DD242CFA182E002793E8 /* Frameworks */,
				41D0DD252CFA182E002793E8 /* Resources */,
			);
			buildRules = (
			);
			dependencies = (
			);
			name = CachingSwiftData;
			productName = CachingSwiftData;
			productReference = 41D0DD272CFA182E002793E8 /* CachingSwiftData.app */;
			productType = "com.apple.product-type.application";
		};
/* End PBXNativeTarget section */

/* Begin PBXProject section */
		41D0DD1F2CFA182E002793E8 /* Project object */ = {
			isa = PBXProject;
			attributes = {
				BuildIndependentTargetsInParallel = 1;
				LastSwiftUpdateCheck = 1540;
				LastUpgradeCheck = 1540;
				TargetAttributes = {
					41D0DD262CFA182E002793E8 = {
						CreatedOnToolsVersion = 15.4;
					};
				};
			};
			buildConfigurationList = 41D0DD222CFA182E002793E8 /* Build configuration list for PBXProject "CachingSwiftData" */;
			compatibilityVersion = "Xcode 14.0";
			developmentRegion = en;
			hasScannedForEncodings = 0;
			knownRegions = (
				en,
				Base,
			);
			mainGroup = 41D0DD1E2CFA182E002793E8;
			productRefGroup = 41D0DD282CFA182E002793E8 /* Products */;
			projectDirPath = "";
			projectRoot = "";
			targets = (
				41D0DD262CFA182E002793E8 /* CachingSwiftData */,
			);
		};
/* End PBXProject section */

/* Begin PBXResourcesBuildPhase section */
		41D0DD252CFA182E002793E8 /* Resources */ = {
			isa = PBXResourcesBuildPhase;
			buildActionMask = 2147483647;
			files = (
				41D0DD322CFA182F002793E8 /* Preview Assets.xcassets in Resources */,
				41D0DD2F2CFA182F002793E8 /* Assets.xcassets in Resources */,
			);
			runOnlyForDeploymentPostprocessing = 0;
		};
/* End PBXResourcesBuildPhase section */

/* Begin PBXSourcesBuildPhase section */
		41D0DD232CFA182E002793E8 /* Sources */ = {
			isa = PBXSourcesBuildPhase;
			buildActionMask = 2147483647;
			files = (
				41D0DD2D2CFA182E002793E8 /* ContentView.swift in Sources */,
				41D0DD412CFA19E4002793E8 /* DetailView.swift in Sources */,
				41D0DD442CFA1B12002793E8 /* GithubViewModel.swift in Sources */,
				41D0DD3B2CFA18C9002793E8 /* UserEntity.swift in Sources */,
				41D0DD462CFA1CBE002793E8 /* ModelContainerPreview.swift in Sources */,
				41D0DD3D2CFA1900002793E8 /* UserDTO.swift in Sources */,
				41D0DD2B2CFA182E002793E8 /* CachingSwiftDataApp.swift in Sources */,
				41D0DD3F2CFA1997002793E8 /* AsyncContentView.swift in Sources */,
				41D0DD482CFA1D29002793E8 /* PreviewSampleData.swift in Sources */,
				41D0DD582CFA24D4002793E8 /* Scheme.swift in Sources */,
				41D0DD4E2CFA2419002793E8 /* URLFactory.swift in Sources */,
				41D0DD552CFA24A6002793E8 /* GithubRequest.swift in Sources */,
				41D0DD5A2CFA24ED002793E8 /* HTTPMethod.swift in Sources */,
				41D0DD502CFA2451002793E8 /* NetworkService.swift in Sources */,
				41D0DD5E2CFA2CA4002793E8 /* UserRow.swift in Sources */,
				41D0DD532CFA2487002793E8 /* RequestProtocol.swift in Sources */,
				41D0DD5C2CFA250F002793E8 /* Endpoint.swift in Sources */,
				41D0DD4B2CFA1DF6002793E8 /* UserDataSource.swift in Sources */,
			);
			runOnlyForDeploymentPostprocessing = 0;
		};
/* End PBXSourcesBuildPhase section */

/* Begin XCBuildConfiguration section */
		41D0DD332CFA182F002793E8 /* Debug */ = {
			isa = XCBuildConfiguration;
			buildSettings = {
				ALWAYS_SEARCH_USER_PATHS = NO;
				ASSETCATALOG_COMPILER_GENERATE_SWIFT_ASSET_SYMBOL_EXTENSIONS = YES;
				CLANG_ANALYZER_NONNULL = YES;
				CLANG_ANALYZER_NUMBER_OBJECT_CONVERSION = YES_AGGRESSIVE;
				CLANG_CXX_LANGUAGE_STANDARD = "gnu++20";
				CLANG_ENABLE_MODULES = YES;
				CLANG_ENABLE_OBJC_ARC = YES;
				CLANG_ENABLE_OBJC_WEAK = YES;
				CLANG_WARN_BLOCK_CAPTURE_AUTORELEASING = YES;
				CLANG_WARN_BOOL_CONVERSION = YES;
				CLANG_WARN_COMMA = YES;
				CLANG_WARN_CONSTANT_CONVERSION = YES;
				CLANG_WARN_DEPRECATED_OBJC_IMPLEMENTATIONS = YES;
				CLANG_WARN_DIRECT_OBJC_ISA_USAGE = YES_ERROR;
				CLANG_WARN_DOCUMENTATION_COMMENTS = YES;
				CLANG_WARN_EMPTY_BODY = YES;
				CLANG_WARN_ENUM_CONVERSION = YES;
				CLANG_WARN_INFINITE_RECURSION = YES;
				CLANG_WARN_INT_CONVERSION = YES;
				CLANG_WARN_NON_LITERAL_NULL_CONVERSION = YES;
				CLANG_WARN_OBJC_IMPLICIT_RETAIN_SELF = YES;
				CLANG_WARN_OBJC_LITERAL_CONVERSION = YES;
				CLANG_WARN_OBJC_ROOT_CLASS = YES_ERROR;
				CLANG_WARN_QUOTED_INCLUDE_IN_FRAMEWORK_HEADER = YES;
				CLANG_WARN_RANGE_LOOP_ANALYSIS = YES;
				CLANG_WARN_STRICT_PROTOTYPES = YES;
				CLANG_WARN_SUSPICIOUS_MOVE = YES;
				CLANG_WARN_UNGUARDED_AVAILABILITY = YES_AGGRESSIVE;
				CLANG_WARN_UNREACHABLE_CODE = YES;
				CLANG_WARN__DUPLICATE_METHOD_MATCH = YES;
				COPY_PHASE_STRIP = NO;
				DEBUG_INFORMATION_FORMAT = dwarf;
				ENABLE_STRICT_OBJC_MSGSEND = YES;
				ENABLE_TESTABILITY = YES;
				ENABLE_USER_SCRIPT_SANDBOXING = YES;
				GCC_C_LANGUAGE_STANDARD = gnu17;
				GCC_DYNAMIC_NO_PIC = NO;
				GCC_NO_COMMON_BLOCKS = YES;
				GCC_OPTIMIZATION_LEVEL = 0;
				GCC_PREPROCESSOR_DEFINITIONS = (
					"DEBUG=1",
					"$(inherited)",
				);
				GCC_WARN_64_TO_32_BIT_CONVERSION = YES;
				GCC_WARN_ABOUT_RETURN_TYPE = YES_ERROR;
				GCC_WARN_UNDECLARED_SELECTOR = YES;
				GCC_WARN_UNINITIALIZED_AUTOS = YES_AGGRESSIVE;
				GCC_WARN_UNUSED_FUNCTION = YES;
				GCC_WARN_UNUSED_VARIABLE = YES;
				IPHONEOS_DEPLOYMENT_TARGET = 17.5;
				LOCALIZATION_PREFERS_STRING_CATALOGS = YES;
				MTL_ENABLE_DEBUG_INFO = INCLUDE_SOURCE;
				MTL_FAST_MATH = YES;
				ONLY_ACTIVE_ARCH = YES;
				SDKROOT = iphoneos;
				SWIFT_ACTIVE_COMPILATION_CONDITIONS = "DEBUG $(inherited)";
				SWIFT_OPTIMIZATION_LEVEL = "-Onone";
			};
			name = Debug;
		};
		41D0DD342CFA182F002793E8 /* Release */ = {
			isa = XCBuildConfiguration;
			buildSettings = {
				ALWAYS_SEARCH_USER_PATHS = NO;
				ASSETCATALOG_COMPILER_GENERATE_SWIFT_ASSET_SYMBOL_EXTENSIONS = YES;
				CLANG_ANALYZER_NONNULL = YES;
				CLANG_ANALYZER_NUMBER_OBJECT_CONVERSION = YES_AGGRESSIVE;
				CLANG_CXX_LANGUAGE_STANDARD = "gnu++20";
				CLANG_ENABLE_MODULES = YES;
				CLANG_ENABLE_OBJC_ARC = YES;
				CLANG_ENABLE_OBJC_WEAK = YES;
				CLANG_WARN_BLOCK_CAPTURE_AUTORELEASING = YES;
				CLANG_WARN_BOOL_CONVERSION = YES;
				CLANG_WARN_COMMA = YES;
				CLANG_WARN_CONSTANT_CONVERSION = YES;
				CLANG_WARN_DEPRECATED_OBJC_IMPLEMENTATIONS = YES;
				CLANG_WARN_DIRECT_OBJC_ISA_USAGE = YES_ERROR;
				CLANG_WARN_DOCUMENTATION_COMMENTS = YES;
				CLANG_WARN_EMPTY_BODY = YES;
				CLANG_WARN_ENUM_CONVERSION = YES;
				CLANG_WARN_INFINITE_RECURSION = YES;
				CLANG_WARN_INT_CONVERSION = YES;
				CLANG_WARN_NON_LITERAL_NULL_CONVERSION = YES;
				CLANG_WARN_OBJC_IMPLICIT_RETAIN_SELF = YES;
				CLANG_WARN_OBJC_LITERAL_CONVERSION = YES;
				CLANG_WARN_OBJC_ROOT_CLASS = YES_ERROR;
				CLANG_WARN_QUOTED_INCLUDE_IN_FRAMEWORK_HEADER = YES;
				CLANG_WARN_RANGE_LOOP_ANALYSIS = YES;
				CLANG_WARN_STRICT_PROTOTYPES = YES;
				CLANG_WARN_SUSPICIOUS_MOVE = YES;
				CLANG_WARN_UNGUARDED_AVAILABILITY = YES_AGGRESSIVE;
				CLANG_WARN_UNREACHABLE_CODE = YES;
				CLANG_WARN__DUPLICATE_METHOD_MATCH = YES;
				COPY_PHASE_STRIP = NO;
				DEBUG_INFORMATION_FORMAT = "dwarf-with-dsym";
				ENABLE_NS_ASSERTIONS = NO;
				ENABLE_STRICT_OBJC_MSGSEND = YES;
				ENABLE_USER_SCRIPT_SANDBOXING = YES;
				GCC_C_LANGUAGE_STANDARD = gnu17;
				GCC_NO_COMMON_BLOCKS = YES;
				GCC_WARN_64_TO_32_BIT_CONVERSION = YES;
				GCC_WARN_ABOUT_RETURN_TYPE = YES_ERROR;
				GCC_WARN_UNDECLARED_SELECTOR = YES;
				GCC_WARN_UNINITIALIZED_AUTOS = YES_AGGRESSIVE;
				GCC_WARN_UNUSED_FUNCTION = YES;
				GCC_WARN_UNUSED_VARIABLE = YES;
				IPHONEOS_DEPLOYMENT_TARGET = 17.5;
				LOCALIZATION_PREFERS_STRING_CATALOGS = YES;
				MTL_ENABLE_DEBUG_INFO = NO;
				MTL_FAST_MATH = YES;
				SDKROOT = iphoneos;
				SWIFT_COMPILATION_MODE = wholemodule;
				VALIDATE_PRODUCT = YES;
			};
			name = Release;
		};
		41D0DD362CFA182F002793E8 /* Debug */ = {
			isa = XCBuildConfiguration;
			buildSettings = {
				ASSETCATALOG_COMPILER_APPICON_NAME = AppIcon;
				ASSETCATALOG_COMPILER_GLOBAL_ACCENT_COLOR_NAME = AccentColor;
				CODE_SIGN_STYLE = Automatic;
				CURRENT_PROJECT_VERSION = 1;
				DEVELOPMENT_ASSET_PATHS = "\"CachingSwiftData/Preview Content\"";
				ENABLE_PREVIEWS = YES;
				GENERATE_INFOPLIST_FILE = YES;
				INFOPLIST_KEY_UIApplicationSceneManifest_Generation = YES;
				INFOPLIST_KEY_UIApplicationSupportsIndirectInputEvents = YES;
				INFOPLIST_KEY_UILaunchScreen_Generation = YES;
				INFOPLIST_KEY_UISupportedInterfaceOrientations_iPad = "UIInterfaceOrientationPortrait UIInterfaceOrientationPortraitUpsideDown UIInterfaceOrientationLandscapeLeft UIInterfaceOrientationLandscapeRight";
				INFOPLIST_KEY_UISupportedInterfaceOrientations_iPhone = "UIInterfaceOrientationPortrait UIInterfaceOrientationLandscapeLeft UIInterfaceOrientationLandscapeRight";
				LD_RUNPATH_SEARCH_PATHS = (
					"$(inherited)",
					"@executable_path/Frameworks",
				);
				MARKETING_VERSION = 1.0;
				PRODUCT_BUNDLE_IDENTIFIER = com.sample.CachingSwiftData;
				PRODUCT_NAME = "$(TARGET_NAME)";
				SWIFT_EMIT_LOC_STRINGS = YES;
				SWIFT_VERSION = 5.0;
				TARGETED_DEVICE_FAMILY = "1,2";
			};
			name = Debug;
		};
		41D0DD372CFA182F002793E8 /* Release */ = {
			isa = XCBuildConfiguration;
			buildSettings = {
				ASSETCATALOG_COMPILER_APPICON_NAME = AppIcon;
				ASSETCATALOG_COMPILER_GLOBAL_ACCENT_COLOR_NAME = AccentColor;
				CODE_SIGN_STYLE = Automatic;
				CURRENT_PROJECT_VERSION = 1;
				DEVELOPMENT_ASSET_PATHS = "\"CachingSwiftData/Preview Content\"";
				ENABLE_PREVIEWS = YES;
				GENERATE_INFOPLIST_FILE = YES;
				INFOPLIST_KEY_UIApplicationSceneManifest_Generation = YES;
				INFOPLIST_KEY_UIApplicationSupportsIndirectInputEvents = YES;
				INFOPLIST_KEY_UILaunchScreen_Generation = YES;
				INFOPLIST_KEY_UISupportedInterfaceOrientations_iPad = "UIInterfaceOrientationPortrait UIInterfaceOrientationPortraitUpsideDown UIInterfaceOrientationLandscapeLeft UIInterfaceOrientationLandscapeRight";
				INFOPLIST_KEY_UISupportedInterfaceOrientations_iPhone = "UIInterfaceOrientationPortrait UIInterfaceOrientationLandscapeLeft UIInterfaceOrientationLandscapeRight";
				LD_RUNPATH_SEARCH_PATHS = (
					"$(inherited)",
					"@executable_path/Frameworks",
				);
				MARKETING_VERSION = 1.0;
				PRODUCT_BUNDLE_IDENTIFIER = com.sample.CachingSwiftData;
				PRODUCT_NAME = "$(TARGET_NAME)";
				SWIFT_EMIT_LOC_STRINGS = YES;
				SWIFT_VERSION = 5.0;
				TARGETED_DEVICE_FAMILY = "1,2";
			};
			name = Release;
		};
/* End XCBuildConfiguration section */

/* Begin XCConfigurationList section */
		41D0DD222CFA182E002793E8 /* Build configuration list for PBXProject "CachingSwiftData" */ = {
			isa = XCConfigurationList;
			buildConfigurations = (
				41D0DD332CFA182F002793E8 /* Debug */,
				41D0DD342CFA182F002793E8 /* Release */,
			);
			defaultConfigurationIsVisible = 0;
			defaultConfigurationName = Release;
		};
		41D0DD352CFA182F002793E8 /* Build configuration list for PBXNativeTarget "CachingSwiftData" */ = {
			isa = XCConfigurationList;
			buildConfigurations = (
				41D0DD362CFA182F002793E8 /* Debug */,
				41D0DD372CFA182F002793E8 /* Release */,
			);
			defaultConfigurationIsVisible = 0;
			defaultConfigurationName = Release;
		};
/* End XCConfigurationList section */
	};
	rootObject = 41D0DD1F2CFA182E002793E8 /* Project object */;
}
